
Microsoft Visual Studio Solution File, Format Version 12.00
# Visual Studio Version 17
VisualStudioVersion = 17.7.34221.43
MinimumVisualStudioVersion = 10.0.40219.1
Project("{FAE04EC0-301F-11D3-BF4B-00C04F79EFBC}") = "MemberAccessHelperGenerator", "MemberAccessHelperGenerator\MemberAccessHelperGenerator.csproj", "{E57FD9CD-AE04-476A-8BC7-76CDDB29BB85}"
EndProject
Global
	GlobalSection(SolutionConfigurationPlatforms) = preSolution
		Debug|Any CPU = Debug|Any CPU
		Release|Any CPU = Release|Any CPU
	EndGlobalSection
	GlobalSection(ProjectConfigurationPlatforms) = postSolution
		{E57FD9CD-AE04-476A-8BC7-76CDDB29BB85}.Debug|Any CPU.ActiveCfg = Debug|Any CPU
		{E57FD9CD-AE04-476A-8BC7-76CDDB29BB85}.Debug|Any CPU.Build.0 = Debug|Any CPU
		{E57FD9CD-AE04-476A-8BC7-76CDDB29BB85}.Release|Any CPU.ActiveCfg = Release|Any CPU
		{E57FD9CD-AE04-476A-8BC7-76CDDB29BB85}.Release|Any CPU.Build.0 = Release|Any CPU
	EndGlobalSection
	GlobalSection(SolutionProperties) = preSolution
		HideSolutionNode = FALSE
	EndGlobalSection
	GlobalSection(ExtensibilityGlobals) = postSolution
		SolutionGuid = {BF0869B2-B3F4-4343-AB75-0AA8705C4E14}
	EndGlobalSection
EndGlobal
